
Microsoft Visual Studio Solution File, Format Version 12.00
# Visual Studio Version 17
VisualStudioVersion = 17.13.35825.156 d17.13
MinimumVisualStudioVersion = 10.0.40219.1
Project("{FAE04EC0-301F-11D3-BF4B-00C04F79EFBC}") = "IceTask_5_LemonTree(Opium)", "IceTask_5_LemonTree(Opium)\IceTask_5_LemonTree(Opium).csproj", "{3CD669BA-5FDE-4765-B042-0EE330919F5B}"
EndProject
Global
	GlobalSection(SolutionConfigurationPlatforms) = preSolution
		Debug|Any CPU = Debug|Any CPU
		Release|Any CPU = Release|Any CPU
	EndGlobalSection
	GlobalSection(ProjectConfigurationPlatforms) = postSolution
		{3CD669BA-5FDE-4765-B042-0EE330919F5B}.Debug|Any CPU.ActiveCfg = Debug|Any CPU
		{3CD669BA-5FDE-4765-B042-0EE330919F5B}.Debug|Any CPU.Build.0 = Debug|Any CPU
		{3CD669BA-5FDE-4765-B042-0EE330919F5B}.Release|Any CPU.ActiveCfg = Release|Any CPU
		{3CD669BA-5FDE-4765-B042-0EE330919F5B}.Release|Any CPU.Build.0 = Release|Any CPU
	EndGlobalSection
	GlobalSection(SolutionProperties) = preSolution
		HideSolutionNode = FALSE
	EndGlobalSection
	GlobalSection(ExtensibilityGlobals) = postSolution
		SolutionGuid = {EC4563F4-1C1F-4A2B-A94D-36AB490B208A}
	EndGlobalSection
EndGlobal
